# The human gate, tied to the document it was given to.
#
# Kabe approved the schematic on 2026-08-21 (blueprint §4b's four rulings). What
# he approved was a picture of ONE plan document, and the sheet is now a derived
# render — so the approval stamp printed on it has to be a fact about that
# document's bytes, not a date typed into the drawing script that survives any
# edit.
#
# WHAT THE STAMP COVERS, narrowed at row 11 on the Navigator's ruling. It used
# to hash the whole plan file. But the stamp asserts "Kabe approved this
# DRAWING", and the sheet draws walls, the exterior outline, openings, windows,
# fireplaces, stairs, standpoints with their distances, and room
# geometry/labels/types — it draws no furniture. `plan.objects` was
# inverse-projected out of staging.json by an agent AFTER the approval, which
# `design/architecture.md` records under "What the approval covers, and what it
# does not". Hashing it made a composition value that blueprint §4's standing
# licence lets an agent move ("change it if it makes the product better, and say
# why") read as "a human must re-approve this drawing", which is not true.
#
# So `plan` below is the sha256 of the DRAWN content only (draw_plan.py's
# DRAWN_KEYS, canonically serialised), and it still fires on ANY change to any
# of it — move one wall and the sheet says UNAPPROVED REVISION. Its value
# changed at row 11 because the INPUT changed, NOT because anything was
# re-approved: the drawn digest of the plan Kabe signed and of the plan today
# are the same string, which is the proof that row 11's one plan edit
# (`stick1`'s footprint) touched nothing he saw.
#
# `undrawn` is the second record, and it is why narrowing the input does not
# delete evidence. It covers everything the sheet does NOT draw. A change there
# does not unapprove the drawing, but it is printed on the sheet's own face
# ("Content the sheet does not draw has changed since then") so it is visible
# rather than silent.
#
# Re-anchoring after a redline is a HUMAN step, and deliberately not automated:
# put the new sha256s and the new date here only once Kabe has approved the new
# sheet. design/plan-draft/README.md's redline recipe says where in the order it
# goes.
#
# Format: one "plan  <sha256>  <YYYY-MM-DD>" line and one "undrawn  <sha256>"
# line. Everything else is comment.
#
# RE-ANCHORED AT ROW 20, and what that anchor rests on, in full.
#
# What changed in the drawing: every facing whose viewed wall does not fit the
# frame from its drawn standpoint now stands at the far side of its room
# instead - 0.45 m off the wall behind it, pulled forward where a hearth or a
# stair flight is in the way. Forty-two of the manor's eighty-eight standpoints
# moved, all of them BACKWARD, and their printed distances moved with them.
# Nothing else the sheets draw changed: no wall, no opening, no window, no
# hearth, no stair, no room.
#
# The authority: Kabe's approval of the perspective preview frames on
# 2026-08-21 - "If so full steam ahead, lets build this thing" - which blessed
# `01d` (the study's north view from the THRESHOLD, 4.35 m) and `02b` (the
# passage's east view from its DRAWN standpoint, 6.00 m). Those two frames are
# the standpoint law stated in pictures, and the law was applied mechanically
# to the rest of the manor from them.
#
# What that authority does NOT cover, and the stamp says so on the sheet's own
# face rather than in this comment: Kabe has seen two RENDERED FRAMES, not
# these two redrawn schematics. The `pending` line below is printed in the
# stamp - "APPROVED ... AWAITING HIS EYE ON: ..." - so a reader of the sheet
# learns from the sheet that the standpoint markers are new. The sheets are in
# `design/batches/row20-lens/` with the row's other questions, and the row does
# not close until his word lands.
#
plan  ab40a48c212943e876910886fc03fc3eb80b081841357339d578e9fd3e003065  2026-08-21
undrawn  1aaec76da12d0b253542faa11c0602325cffb668c23aab97d990f7935749bb8f
pending  the standpoint markers and their printed distances, moved by row 20's standpoint law from the preview frames 01d/02b he approved
