manor-ground  svg=01603526dc1f557b5a21abd90907aa15ee244a8b7358df4f477b311789c748e7  png=68ae397da47ebb060294eadf8ea8e99f5c192968a804f23252873310592337cd
manor-upper  svg=9022c98d938fab33f8955399431d6862636b167d42ec87bd2c010dfd9939299d  png=cdef07336d17be7705426669365e4a5d261e00ef525d65ff65ebb86d7e03914c
