manor-ground  svg=b6912c9ec5f4a4fa745ca6a06d10fbb747ccd519a5ff070ce4d8c847ae4a1112  png=1c223b54f3100bd9e605b17ed0496d9d153c124f8d581bfd4f51de2d6f744411
manor-upper  svg=322bc60189800a212a66f5d37b2f413bdb8b9439fcdd7a3a8ab9cac03673fc3a  png=bab3324e355e58c7490aeccd679303c2bf2c50454ea173763ad554ad5a440ce8
