manor-ground  svg=6973e68fd42f0ac67e63e3958437698439255848b287067fab85bd3245f42c43  png=4b5b3f7a74767ac177e8300174a1dfb2739eb44346414b90318f186efec760c9
manor-upper  svg=5092014c80fe0f9e698595bdd36b26dedd58bf9f87dfea07c452323a3281a91b  png=d1fb55c984cf40b084b70c285899c25f4434a32d0127e9d9f0a7199177608ec7
